
Microsoft Visual Studio Solution File, Format Version 12.00
# Visual Studio 14
VisualStudioVersion = 14.0.25420.1
MinimumVisualStudioVersion = 10.0.40219.1
Project("{2150E333-8FDC-42A3-9474-1A3956D46DE8}") = "Infrastructure", "Infrastructure", "{32209100-0100-4577-B4E5-AB23F490ADC8}"
EndProject
Project("{FAE04EC0-301F-11D3-BF4B-00C04F79EFBC}") = "FoxyEcomm.Common", "Infrastructure\FoxyEcomm.Common\FoxyEcomm.Common.csproj", "{34A7D40D-D87E-4E6C-9917-2CEC410D3BDC}"
EndProject
Project("{FAE04EC0-301F-11D3-BF4B-00C04F79EFBC}") = "FoxyEcomm.DomainRepositories", "Infrastructure\FoxyEcomm.DomainRepositories\FoxyEcomm.DomainRepositories.csproj", "{7BA259BA-0237-4F0F-B5F2-EBA9FB5DD006}"
EndProject
Project("{FAE04EC0-301F-11D3-BF4B-00C04F79EFBC}") = "FoxyEcomm.Messaging", "Infrastructure\FoxyEcomm.Messaging\FoxyEcomm.Messaging.csproj", "{AAD59FF5-3253-4513-B915-7C1B8815E1E1}"
EndProject
Project("{FAE04EC0-301F-11D3-BF4B-00C04F79EFBC}") = "FoxyEcomm.Orm", "Infrastructure\FoxyEcomm.Orm\FoxyEcomm.Orm.csproj", "{6825E15D-2EE7-41A3-AFA8-23AF32AD8F26}"
EndProject
Project("{2150E333-8FDC-42A3-9474-1A3956D46DE8}") = "Providers", "Providers", "{C34C2D2E-B75A-4122-AFA9-B76A7445C7ED}"
EndProject
Project("{2150E333-8FDC-42A3-9474-1A3956D46DE8}") = "Data", "Data", "{8739E592-C5B2-4C33-832F-754EABDFB844}"
EndProject
Project("{FAE04EC0-301F-11D3-BF4B-00C04F79EFBC}") = "FoxyEcomm.PostgreSql", "Infrastructure\FoxyEcomm.PostgreSql\FoxyEcomm.PostgreSql.csproj", "{6BAB220B-F32B-47B1-A224-943ECD7865DF}"
EndProject
Project("{2150E333-8FDC-42A3-9474-1A3956D46DE8}") = "Implementations", "Implementations", "{9A9D0878-5AC1-4F2A-92A1-1023816843A9}"
EndProject
Project("{2150E333-8FDC-42A3-9474-1A3956D46DE8}") = "Identity", "Identity", "{D4F27F3B-5730-4B10-B710-82295C8D6779}"
EndProject
Project("{FAE04EC0-301F-11D3-BF4B-00C04F79EFBC}") = "FoxyEcomm.Identity.PostgreSql", "Infrastructure\FoxyEcomm.Identity.PostgreSql\FoxyEcomm.Identity.PostgreSql.csproj", "{3407200A-088D-4955-8B00-5EE74BDE3D27}"
EndProject
Project("{FAE04EC0-301F-11D3-BF4B-00C04F79EFBC}") = "FoxyEcomm.Domain", "Infrastructure\FoxyEcomm.Domain\FoxyEcomm.Domain.csproj", "{D381DF4C-B80D-4E3A-B5CF-D68FF2A2E16E}"
EndProject
Project("{2150E333-8FDC-42A3-9474-1A3956D46DE8}") = "Services", "Services", "{02FF0FF5-3A96-4339-B18F-CE3D1E407D79}"
EndProject
Project("{FAE04EC0-301F-11D3-BF4B-00C04F79EFBC}") = "FoxyEcomm.Services.Common", "Services\FoxyEcomm.Services.Common\FoxyEcomm.Services.Common.csproj", "{32671692-3908-48B6-BD1B-13D1BFC25D96}"
EndProject
Project("{FAE04EC0-301F-11D3-BF4B-00C04F79EFBC}") = "FoxyEcomm.Services.Inventory", "Services\FoxyEcomm.Services.Inventory\FoxyEcomm.Services.Inventory.csproj", "{6BC50BAF-D5B3-401A-83BC-F2CFCDD18F31}"
EndProject
Project("{FAE04EC0-301F-11D3-BF4B-00C04F79EFBC}") = "FoxyEcomm.Service", "Services\FoxyEcomm.Service\FoxyEcomm.Service.csproj", "{8A99C9C0-6B0E-4A0A-BABB-96FF3C7BE329}"
EndProject
Project("{2150E333-8FDC-42A3-9474-1A3956D46DE8}") = "Database", "Database", "{9195C643-B168-47F5-B52A-B2BF8D6049AF}"
EndProject
Project("{2150E333-8FDC-42A3-9474-1A3956D46DE8}") = "Scripts", "Scripts", "{298D1CE3-9748-4BA9-B527-3AD7AB537631}"
	ProjectSection(SolutionItems) = preProject
		inventory.sql = inventory.sql
	EndProjectSection
EndProject
Global
	GlobalSection(SolutionConfigurationPlatforms) = preSolution
		Debug|Any CPU = Debug|Any CPU
		Release|Any CPU = Release|Any CPU
	EndGlobalSection
	GlobalSection(ProjectConfigurationPlatforms) = postSolution
		{34A7D40D-D87E-4E6C-9917-2CEC410D3BDC}.Debug|Any CPU.ActiveCfg = Debug|Any CPU
		{34A7D40D-D87E-4E6C-9917-2CEC410D3BDC}.Debug|Any CPU.Build.0 = Debug|Any CPU
		{34A7D40D-D87E-4E6C-9917-2CEC410D3BDC}.Release|Any CPU.ActiveCfg = Release|Any CPU
		{34A7D40D-D87E-4E6C-9917-2CEC410D3BDC}.Release|Any CPU.Build.0 = Release|Any CPU
		{7BA259BA-0237-4F0F-B5F2-EBA9FB5DD006}.Debug|Any CPU.ActiveCfg = Debug|Any CPU
		{7BA259BA-0237-4F0F-B5F2-EBA9FB5DD006}.Debug|Any CPU.Build.0 = Debug|Any CPU
		{7BA259BA-0237-4F0F-B5F2-EBA9FB5DD006}.Release|Any CPU.ActiveCfg = Release|Any CPU
		{7BA259BA-0237-4F0F-B5F2-EBA9FB5DD006}.Release|Any CPU.Build.0 = Release|Any CPU
		{AAD59FF5-3253-4513-B915-7C1B8815E1E1}.Debug|Any CPU.ActiveCfg = Debug|Any CPU
		{AAD59FF5-3253-4513-B915-7C1B8815E1E1}.Debug|Any CPU.Build.0 = Debug|Any CPU
		{AAD59FF5-3253-4513-B915-7C1B8815E1E1}.Release|Any CPU.ActiveCfg = Release|Any CPU
		{AAD59FF5-3253-4513-B915-7C1B8815E1E1}.Release|Any CPU.Build.0 = Release|Any CPU
		{6825E15D-2EE7-41A3-AFA8-23AF32AD8F26}.Debug|Any CPU.ActiveCfg = Debug|Any CPU
		{6825E15D-2EE7-41A3-AFA8-23AF32AD8F26}.Debug|Any CPU.Build.0 = Debug|Any CPU
		{6825E15D-2EE7-41A3-AFA8-23AF32AD8F26}.Release|Any CPU.ActiveCfg = Release|Any CPU
		{6825E15D-2EE7-41A3-AFA8-23AF32AD8F26}.Release|Any CPU.Build.0 = Release|Any CPU
		{6BAB220B-F32B-47B1-A224-943ECD7865DF}.Debug|Any CPU.ActiveCfg = Debug|Any CPU
		{6BAB220B-F32B-47B1-A224-943ECD7865DF}.Debug|Any CPU.Build.0 = Debug|Any CPU
		{6BAB220B-F32B-47B1-A224-943ECD7865DF}.Release|Any CPU.ActiveCfg = Release|Any CPU
		{6BAB220B-F32B-47B1-A224-943ECD7865DF}.Release|Any CPU.Build.0 = Release|Any CPU
		{3407200A-088D-4955-8B00-5EE74BDE3D27}.Debug|Any CPU.ActiveCfg = Debug|Any CPU
		{3407200A-088D-4955-8B00-5EE74BDE3D27}.Debug|Any CPU.Build.0 = Debug|Any CPU
		{3407200A-088D-4955-8B00-5EE74BDE3D27}.Release|Any CPU.ActiveCfg = Release|Any CPU
		{3407200A-088D-4955-8B00-5EE74BDE3D27}.Release|Any CPU.Build.0 = Release|Any CPU
		{D381DF4C-B80D-4E3A-B5CF-D68FF2A2E16E}.Debug|Any CPU.ActiveCfg = Debug|Any CPU
		{D381DF4C-B80D-4E3A-B5CF-D68FF2A2E16E}.Debug|Any CPU.Build.0 = Debug|Any CPU
		{D381DF4C-B80D-4E3A-B5CF-D68FF2A2E16E}.Release|Any CPU.ActiveCfg = Release|Any CPU
		{D381DF4C-B80D-4E3A-B5CF-D68FF2A2E16E}.Release|Any CPU.Build.0 = Release|Any CPU
		{32671692-3908-48B6-BD1B-13D1BFC25D96}.Debug|Any CPU.ActiveCfg = Debug|Any CPU
		{32671692-3908-48B6-BD1B-13D1BFC25D96}.Debug|Any CPU.Build.0 = Debug|Any CPU
		{32671692-3908-48B6-BD1B-13D1BFC25D96}.Release|Any CPU.ActiveCfg = Release|Any CPU
		{32671692-3908-48B6-BD1B-13D1BFC25D96}.Release|Any CPU.Build.0 = Release|Any CPU
		{6BC50BAF-D5B3-401A-83BC-F2CFCDD18F31}.Debug|Any CPU.ActiveCfg = Debug|Any CPU
		{6BC50BAF-D5B3-401A-83BC-F2CFCDD18F31}.Debug|Any CPU.Build.0 = Debug|Any CPU
		{6BC50BAF-D5B3-401A-83BC-F2CFCDD18F31}.Release|Any CPU.ActiveCfg = Release|Any CPU
		{6BC50BAF-D5B3-401A-83BC-F2CFCDD18F31}.Release|Any CPU.Build.0 = Release|Any CPU
		{8A99C9C0-6B0E-4A0A-BABB-96FF3C7BE329}.Debug|Any CPU.ActiveCfg = Debug|Any CPU
		{8A99C9C0-6B0E-4A0A-BABB-96FF3C7BE329}.Debug|Any CPU.Build.0 = Debug|Any CPU
		{8A99C9C0-6B0E-4A0A-BABB-96FF3C7BE329}.Release|Any CPU.ActiveCfg = Release|Any CPU
		{8A99C9C0-6B0E-4A0A-BABB-96FF3C7BE329}.Release|Any CPU.Build.0 = Release|Any CPU
	EndGlobalSection
	GlobalSection(SolutionProperties) = preSolution
		HideSolutionNode = FALSE
	EndGlobalSection
	GlobalSection(NestedProjects) = preSolution
		{34A7D40D-D87E-4E6C-9917-2CEC410D3BDC} = {32209100-0100-4577-B4E5-AB23F490ADC8}
		{7BA259BA-0237-4F0F-B5F2-EBA9FB5DD006} = {32209100-0100-4577-B4E5-AB23F490ADC8}
		{AAD59FF5-3253-4513-B915-7C1B8815E1E1} = {32209100-0100-4577-B4E5-AB23F490ADC8}
		{6825E15D-2EE7-41A3-AFA8-23AF32AD8F26} = {32209100-0100-4577-B4E5-AB23F490ADC8}
		{C34C2D2E-B75A-4122-AFA9-B76A7445C7ED} = {32209100-0100-4577-B4E5-AB23F490ADC8}
		{8739E592-C5B2-4C33-832F-754EABDFB844} = {C34C2D2E-B75A-4122-AFA9-B76A7445C7ED}
		{6BAB220B-F32B-47B1-A224-943ECD7865DF} = {8739E592-C5B2-4C33-832F-754EABDFB844}
		{9A9D0878-5AC1-4F2A-92A1-1023816843A9} = {32209100-0100-4577-B4E5-AB23F490ADC8}
		{D4F27F3B-5730-4B10-B710-82295C8D6779} = {9A9D0878-5AC1-4F2A-92A1-1023816843A9}
		{3407200A-088D-4955-8B00-5EE74BDE3D27} = {D4F27F3B-5730-4B10-B710-82295C8D6779}
		{D381DF4C-B80D-4E3A-B5CF-D68FF2A2E16E} = {32209100-0100-4577-B4E5-AB23F490ADC8}
		{32671692-3908-48B6-BD1B-13D1BFC25D96} = {02FF0FF5-3A96-4339-B18F-CE3D1E407D79}
		{6BC50BAF-D5B3-401A-83BC-F2CFCDD18F31} = {02FF0FF5-3A96-4339-B18F-CE3D1E407D79}
		{8A99C9C0-6B0E-4A0A-BABB-96FF3C7BE329} = {02FF0FF5-3A96-4339-B18F-CE3D1E407D79}
		{298D1CE3-9748-4BA9-B527-3AD7AB537631} = {9195C643-B168-47F5-B52A-B2BF8D6049AF}
	EndGlobalSection
EndGlobal
